
Microsoft Visual Studio Solution File, Format Version 12.00
# Visual Studio 2017
Project("{FAE04EC0-301F-11D3-BF4B-00C04F79EFBC}") = "Red Block Game", "Red Block Game.csproj", "{681141AB-82EE-5CED-EF09-1AFC422C98C5}"
EndProject
Project("{FAE04EC0-301F-11D3-BF4B-00C04F79EFBC}") = "Red Block Game", "Red Block Game.csproj", "{681141AB-82EE-5CED-EF09-1AFC422C98C5}"
EndProject
Project("{FAE04EC0-301F-11D3-BF4B-00C04F79EFBC}") = "Red Block Game.Editor", "Red Block Game.Editor.csproj", "{C4E7E855-ED9B-EC0F-70A4-EE6A19768452}"
EndProject
Project("{FAE04EC0-301F-11D3-BF4B-00C04F79EFBC}") = "Red Block Game.Editor", "Red Block Game.Editor.csproj", "{C4E7E855-ED9B-EC0F-70A4-EE6A19768452}"
EndProject
Project("{FAE04EC0-301F-11D3-BF4B-00C04F79EFBC}") = "Red Block Game.Editor", "Red Block Game.Editor.csproj", "{C4E7E855-ED9B-EC0F-70A4-EE6A19768452}"
EndProject
Global
	GlobalSection(SolutionConfigurationPlatforms) = preSolution
		Debug|Any CPU = Debug|Any CPU
		Release|Any CPU = Release|Any CPU
	EndGlobalSection
	GlobalSection(ProjectConfigurationPlatforms) = postSolution
		{681141AB-82EE-5CED-EF09-1AFC422C98C5}.Debug|Any CPU.ActiveCfg = Debug|Any CPU
		{681141AB-82EE-5CED-EF09-1AFC422C98C5}.Debug|Any CPU.Build.0 = Debug|Any CPU
		{681141AB-82EE-5CED-EF09-1AFC422C98C5}.Release|Any CPU.ActiveCfg = Release|Any CPU
		{681141AB-82EE-5CED-EF09-1AFC422C98C5}.Release|Any CPU.Build.0 = Release|Any CPU
		{681141AB-82EE-5CED-EF09-1AFC422C98C5}.Debug|Any CPU.ActiveCfg = Debug|Any CPU
		{681141AB-82EE-5CED-EF09-1AFC422C98C5}.Debug|Any CPU.Build.0 = Debug|Any CPU
		{681141AB-82EE-5CED-EF09-1AFC422C98C5}.Release|Any CPU.ActiveCfg = Release|Any CPU
		{681141AB-82EE-5CED-EF09-1AFC422C98C5}.Release|Any CPU.Build.0 = Release|Any CPU
		{C4E7E855-ED9B-EC0F-70A4-EE6A19768452}.Debug|Any CPU.ActiveCfg = Debug|Any CPU
		{C4E7E855-ED9B-EC0F-70A4-EE6A19768452}.Debug|Any CPU.Build.0 = Debug|Any CPU
		{C4E7E855-ED9B-EC0F-70A4-EE6A19768452}.Release|Any CPU.ActiveCfg = Release|Any CPU
		{C4E7E855-ED9B-EC0F-70A4-EE6A19768452}.Release|Any CPU.Build.0 = Release|Any CPU
		{C4E7E855-ED9B-EC0F-70A4-EE6A19768452}.Debug|Any CPU.ActiveCfg = Debug|Any CPU
		{C4E7E855-ED9B-EC0F-70A4-EE6A19768452}.Debug|Any CPU.Build.0 = Debug|Any CPU
		{C4E7E855-ED9B-EC0F-70A4-EE6A19768452}.Release|Any CPU.ActiveCfg = Release|Any CPU
		{C4E7E855-ED9B-EC0F-70A4-EE6A19768452}.Release|Any CPU.Build.0 = Release|Any CPU
		{C4E7E855-ED9B-EC0F-70A4-EE6A19768452}.Debug|Any CPU.ActiveCfg = Debug|Any CPU
		{C4E7E855-ED9B-EC0F-70A4-EE6A19768452}.Debug|Any CPU.Build.0 = Debug|Any CPU
		{C4E7E855-ED9B-EC0F-70A4-EE6A19768452}.Release|Any CPU.ActiveCfg = Release|Any CPU
		{C4E7E855-ED9B-EC0F-70A4-EE6A19768452}.Release|Any CPU.Build.0 = Release|Any CPU
	EndGlobalSection
	GlobalSection(SolutionProperties) = preSolution
		HideSolutionNode = FALSE
	EndGlobalSection
EndGlobal
